// !$*UTF8*$!
{
	archiveVersion = 1;
	classes = {
	};
	objectVersion = 50;
	objects = {

/* Begin PBXBuildFile section */
		6B23DBDA212B1CAC00614C77 /* FileTree.framework in Frameworks */ = {isa = PBXBuildFile; fileRef = 6B23DBD7212B1C3C00614C77 /* FileTree.framework */; };
		6B23DBDB212B1CAC00614C77 /* FileTree.framework in Embed Frameworks */ = {isa = PBXBuildFile; fileRef = 6B23DBD7212B1C3C00614C77 /* FileTree.framework */; settings = {ATTRIBUTES = (CodeSignOnCopy, RemoveHeadersOnCopy, ); }; };
		6B746B672213AB7D00D3B805 /* Differ.framework in Frameworks */ = {isa = PBXBuildFile; fileRef = 6B746B652213AB7500D3B805 /* Differ.framework */; };
		6B746B682213AB7D00D3B805 /* Differ.framework in CopyFiles */ = {isa = PBXBuildFile; fileRef = 6B746B652213AB7500D3B805 /* Differ.framework */; settings = {ATTRIBUTES = (CodeSignOnCopy, RemoveHeadersOnCopy, ); }; };
		6BBE0F76212B50D500CEE8C1 /* Witness.framework in CopyFiles */ = {isa = PBXBuildFile; fileRef = 6BBE0F75212B50D500CEE8C1 /* Witness.framework */; settings = {ATTRIBUTES = (CodeSignOnCopy, RemoveHeadersOnCopy, ); }; };
		6BD3429921278D5800CB54A4 /* AppDelegate.swift in Sources */ = {isa = PBXBuildFile; fileRef = 6BD3429821278D5800CB54A4 /* AppDelegate.swift */; };
		6BD3429B21278D5900CB54A4 /* Assets.xcassets in Resources */ = {isa = PBXBuildFile; fileRef = 6BD3429A21278D5900CB54A4 /* Assets.xcassets */; };
		6BD3429E21278D5900CB54A4 /* MainMenu.xib in Resources */ = {isa = PBXBuildFile; fileRef = 6BD3429C21278D5900CB54A4 /* MainMenu.xib */; };
/* End PBXBuildFile section */

/* Begin PBXContainerItemProxy section */
		6B23DBD6212B1C3C00614C77 /* PBXContainerItemProxy */ = {
			isa = PBXContainerItemProxy;
			containerPortal = 6B23DBD2212B1C3C00614C77 /* FileTree.xcodeproj */;
			proxyType = 2;
			remoteGlobalIDString = 6BD2BA54212B1BE00092797B;
			remoteInfo = FileTree;
		};
		6B23DBDC212B1CAC00614C77 /* PBXContainerItemProxy */ = {
			isa = PBXContainerItemProxy;
			containerPortal = 6B23DBD2212B1C3C00614C77 /* FileTree.xcodeproj */;
			proxyType = 1;
			remoteGlobalIDString = 6BD2BA53212B1BE00092797B;
			remoteInfo = FileTree;
		};
/* End PBXContainerItemProxy section */

/* Begin PBXCopyFilesBuildPhase section */
		6B23DBDE212B1CAC00614C77 /* Embed Frameworks */ = {
			isa = PBXCopyFilesBuildPhase;
			buildActionMask = 2147483647;
			dstPath = "";
			dstSubfolderSpec = 10;
			files = (
				6B23DBDB212B1CAC00614C77 /* FileTree.framework in Embed Frameworks */,
			);
			name = "Embed Frameworks";
			runOnlyForDeploymentPostprocessing = 0;
		};
		6BBE0F74212B50CE00CEE8C1 /* CopyFiles */ = {
			isa = PBXCopyFilesBuildPhase;
			buildActionMask = 2147483647;
			dstPath = "";
			dstSubfolderSpec = 10;
			files = (
				6B746B682213AB7D00D3B805 /* Differ.framework in CopyFiles */,
				6BBE0F76212B50D500CEE8C1 /* Witness.framework in CopyFiles */,
			);
			runOnlyForDeploymentPostprocessing = 0;
		};
/* End PBXCopyFilesBuildPhase section */

/* Begin PBXFileReference section */
		6B23DBD2212B1C3C00614C77 /* FileTree.xcodeproj */ = {isa = PBXFileReference; lastKnownFileType = "wrapper.pb-project"; path = FileTree.xcodeproj; sourceTree = "<group>"; };
		6B746B652213AB7500D3B805 /* Differ.framework */ = {isa = PBXFileReference; lastKnownFileType = wrapper.framework; name = Differ.framework; path = Carthage/Build/Mac/Differ.framework; sourceTree = "<group>"; };
		6BBE0F75212B50D500CEE8C1 /* Witness.framework */ = {isa = PBXFileReference; lastKnownFileType = wrapper.framework; name = Witness.framework; path = Carthage/Build/Mac/Witness.framework; sourceTree = "<group>"; };
		6BD3429521278D5800CB54A4 /* FileTreeExample.app */ = {isa = PBXFileReference; explicitFileType = wrapper.application; includeInIndex = 0; path = FileTreeExample.app; sourceTree = BUILT_PRODUCTS_DIR; };
		6BD3429821278D5800CB54A4 /* AppDelegate.swift */ = {isa = PBXFileReference; lastKnownFileType = sourcecode.swift; path = AppDelegate.swift; sourceTree = "<group>"; };
		6BD3429A21278D5900CB54A4 /* Assets.xcassets */ = {isa = PBXFileReference; lastKnownFileType = folder.assetcatalog; path = Assets.xcassets; sourceTree = "<group>"; };
		6BD3429D21278D5900CB54A4 /* Base */ = {isa = PBXFileReference; lastKnownFileType = file.xib; name = Base; path = Base.lproj/MainMenu.xib; sourceTree = "<group>"; };
		6BD3429F21278D5900CB54A4 /* Info.plist */ = {isa = PBXFileReference; lastKnownFileType = text.plist.xml; path = Info.plist; sourceTree = "<group>"; };
		6BD342A021278D5900CB54A4 /* FileTreeExample.entitlements */ = {isa = PBXFileReference; lastKnownFileType = text.plist.entitlements; path = FileTreeExample.entitlements; sourceTree = "<group>"; };
/* End PBXFileReference section */

/* Begin PBXFrameworksBuildPhase section */
		6BD3429221278D5800CB54A4 /* Frameworks */ = {
			isa = PBXFrameworksBuildPhase;
			buildActionMask = 2147483647;
			files = (
				6B746B672213AB7D00D3B805 /* Differ.framework in Frameworks */,
				6B23DBDA212B1CAC00614C77 /* FileTree.framework in Frameworks */,
			);
			runOnlyForDeploymentPostprocessing = 0;
		};
/* End PBXFrameworksBuildPhase section */

/* Begin PBXGroup section */
		6B23DBD3212B1C3C00614C77 /* Products */ = {
			isa = PBXGroup;
			children = (
				6B23DBD7212B1C3C00614C77 /* FileTree.framework */,
			);
			name = Products;
			sourceTree = "<group>";
		};
		6BD3428C21278D5800CB54A4 = {
			isa = PBXGroup;
			children = (
				6B746B652213AB7500D3B805 /* Differ.framework */,
				6BBE0F75212B50D500CEE8C1 /* Witness.framework */,
				6B23DBD2212B1C3C00614C77 /* FileTree.xcodeproj */,
				6BD3429721278D5800CB54A4 /* FileTreeExample */,
				6BD3429621278D5800CB54A4 /* Products */,
			);
			sourceTree = "<group>";
		};
		6BD3429621278D5800CB54A4 /* Products */ = {
			isa = PBXGroup;
			children = (
				6BD3429521278D5800CB54A4 /* FileTreeExample.app */,
			);
			name = Products;
			sourceTree = "<group>";
		};
		6BD3429721278D5800CB54A4 /* FileTreeExample */ = {
			isa = PBXGroup;
			children = (
				6BD3429821278D5800CB54A4 /* AppDelegate.swift */,
				6BD3429A21278D5900CB54A4 /* Assets.xcassets */,
				6BD3429C21278D5900CB54A4 /* MainMenu.xib */,
				6BD3429F21278D5900CB54A4 /* Info.plist */,
				6BD342A021278D5900CB54A4 /* FileTreeExample.entitlements */,
			);
			path = FileTreeExample;
			sourceTree = "<group>";
		};
/* End PBXGroup section */

/* Begin PBXNativeTarget section */
		6BD3429421278D5800CB54A4 /* FileTreeExample */ = {
			isa = PBXNativeTarget;
			buildConfigurationList = 6BD342A321278D5900CB54A4 /* Build configuration list for PBXNativeTarget "FileTreeExample" */;
			buildPhases = (
				6BD3429221278D5800CB54A4 /* Frameworks */,
				6BD3429321278D5800CB54A4 /* Resources */,
				6BD3429121278D5800CB54A4 /* Sources */,
				6BBE0F74212B50CE00CEE8C1 /* CopyFiles */,
				6B23DBDE212B1CAC00614C77 /* Embed Frameworks */,
			);
			buildRules = (
			);
			dependencies = (
				6B23DBDD212B1CAC00614C77 /* PBXTargetDependency */,
			);
			name = FileTreeExample;
			productName = FileTree;
			productReference = 6BD3429521278D5800CB54A4 /* FileTreeExample.app */;
			productType = "com.apple.product-type.application";
		};
/* End PBXNativeTarget section */

/* Begin PBXProject section */
		6BD3428D21278D5800CB54A4 /* Project object */ = {
			isa = PBXProject;
			attributes = {
				LastSwiftUpdateCheck = 0930;
				LastUpgradeCheck = 0930;
				ORGANIZATIONNAME = "BitDisco, Inc";
				TargetAttributes = {
					6BD3429421278D5800CB54A4 = {
						CreatedOnToolsVersion = 9.3;
						LastSwiftMigration = 1020;
					};
				};
			};
			buildConfigurationList = 6BD3429021278D5800CB54A4 /* Build configuration list for PBXProject "FileTreeExample" */;
			compatibilityVersion = "Xcode 9.3";
			developmentRegion = en;
			hasScannedForEncodings = 0;
			knownRegions = (
				en,
				Base,
			);
			mainGroup = 6BD3428C21278D5800CB54A4;
			productRefGroup = 6BD3429621278D5800CB54A4 /* Products */;
			projectDirPath = "";
			projectReferences = (
				{
					ProductGroup = 6B23DBD3212B1C3C00614C77 /* Products */;
					ProjectRef = 6B23DBD2212B1C3C00614C77 /* FileTree.xcodeproj */;
				},
			);
			projectRoot = "";
			targets = (
				6BD3429421278D5800CB54A4 /* FileTreeExample */,
			);
		};
/* End PBXProject section */

/* Begin PBXReferenceProxy section */
		6B23DBD7212B1C3C00614C77 /* FileTree.framework */ = {
			isa = PBXReferenceProxy;
			fileType = wrapper.framework;
			path = FileTree.framework;
			remoteRef = 6B23DBD6212B1C3C00614C77 /* PBXContainerItemProxy */;
			sourceTree = BUILT_PRODUCTS_DIR;
		};
/* End PBXReferenceProxy section */

/* Begin PBXResourcesBuildPhase section */
		6BD3429321278D5800CB54A4 /* Resources */ = {
			isa = PBXResourcesBuildPhase;
			buildActionMask = 2147483647;
			files = (
				6BD3429B21278D5900CB54A4 /* Assets.xcassets in Resources */,
				6BD3429E21278D5900CB54A4 /* MainMenu.xib in Resources */,
			);
			runOnlyForDeploymentPostprocessing = 0;
		};
/* End PBXResourcesBuildPhase section */

/* Begin PBXSourcesBuildPhase section */
		6BD3429121278D5800CB54A4 /* Sources */ = {
			isa = PBXSourcesBuildPhase;
			buildActionMask = 2147483647;
			files = (
				6BD3429921278D5800CB54A4 /* AppDelegate.swift in Sources */,
			);
			runOnlyForDeploymentPostprocessing = 0;
		};
/* End PBXSourcesBuildPhase section */

/* Begin PBXTargetDependency section */
		6B23DBDD212B1CAC00614C77 /* PBXTargetDependency */ = {
			isa = PBXTargetDependency;
			name = FileTree;
			targetProxy = 6B23DBDC212B1CAC00614C77 /* PBXContainerItemProxy */;
		};
/* End PBXTargetDependency section */

/* Begin PBXVariantGroup section */
		6BD3429C21278D5900CB54A4 /* MainMenu.xib */ = {
			isa = PBXVariantGroup;
			children = (
				6BD3429D21278D5900CB54A4 /* Base */,
			);
			name = MainMenu.xib;
			sourceTree = "<group>";
		};
/* End PBXVariantGroup section */

/* Begin XCBuildConfiguration section */
		6BD342A121278D5900CB54A4 /* Debug */ = {
			isa = XCBuildConfiguration;
			buildSettings = {
				ALWAYS_SEARCH_USER_PATHS = NO;
				CLANG_ANALYZER_NONNULL = YES;
				CLANG_ANALYZER_NUMBER_OBJECT_CONVERSION = YES_AGGRESSIVE;
				CLANG_CXX_LANGUAGE_STANDARD = "gnu++14";
				CLANG_CXX_LIBRARY = "libc++";
				CLANG_ENABLE_MODULES = YES;
				CLANG_ENABLE_OBJC_ARC = YES;
				CLANG_ENABLE_OBJC_WEAK = YES;
				CLANG_WARN_BLOCK_CAPTURE_AUTORELEASING = YES;
				CLANG_WARN_BOOL_CONVERSION = YES;
				CLANG_WARN_COMMA = YES;
				CLANG_WARN_CONSTANT_CONVERSION = YES;
				CLANG_WARN_DEPRECATED_OBJC_IMPLEMENTATIONS = YES;
				CLANG_WARN_DIRECT_OBJC_ISA_USAGE = YES_ERROR;
				CLANG_WARN_DOCUMENTATION_COMMENTS = YES;
				CLANG_WARN_EMPTY_BODY = YES;
				CLANG_WARN_ENUM_CONVERSION = YES;
				CLANG_WARN_INFINITE_RECURSION = YES;
				CLANG_WARN_INT_CONVERSION = YES;
				CLANG_WARN_NON_LITERAL_NULL_CONVERSION = YES;
				CLANG_WARN_OBJC_IMPLICIT_RETAIN_SELF = YES;
				CLANG_WARN_OBJC_LITERAL_CONVERSION = YES;
				CLANG_WARN_OBJC_ROOT_CLASS = YES_ERROR;
				CLANG_WARN_RANGE_LOOP_ANALYSIS = YES;
				CLANG_WARN_STRICT_PROTOTYPES = YES;
				CLANG_WARN_SUSPICIOUS_MOVE = YES;
				CLANG_WARN_UNGUARDED_AVAILABILITY = YES_AGGRESSIVE;
				CLANG_WARN_UNREACHABLE_CODE = YES;
				CLANG_WARN__DUPLICATE_METHOD_MATCH = YES;
				CODE_SIGN_IDENTITY = "Mac Developer";
				COPY_PHASE_STRIP = NO;
				DEBUG_INFORMATION_FORMAT = dwarf;
				ENABLE_STRICT_OBJC_MSGSEND = YES;
				ENABLE_TESTABILITY = YES;
				GCC_C_LANGUAGE_STANDARD = gnu11;
				GCC_DYNAMIC_NO_PIC = NO;
				GCC_NO_COMMON_BLOCKS = YES;
				GCC_OPTIMIZATION_LEVEL = 0;
				GCC_PREPROCESSOR_DEFINITIONS = (
					"DEBUG=1",
					"$(inherited)",
				);
				GCC_WARN_64_TO_32_BIT_CONVERSION = YES;
				GCC_WARN_ABOUT_RETURN_TYPE = YES_ERROR;
				GCC_WARN_UNDECLARED_SELECTOR = YES;
				GCC_WARN_UNINITIALIZED_AUTOS = YES_AGGRESSIVE;
				GCC_WARN_UNUSED_FUNCTION = YES;
				GCC_WARN_UNUSED_VARIABLE = YES;
				MACOSX_DEPLOYMENT_TARGET = 10.13;
				MTL_ENABLE_DEBUG_INFO = YES;
				ONLY_ACTIVE_ARCH = YES;
				SDKROOT = macosx;
				SWIFT_ACTIVE_COMPILATION_CONDITIONS = DEBUG;
				SWIFT_OPTIMIZATION_LEVEL = "-Onone";
			};
			name = Debug;
		};
		6BD342A221278D5900CB54A4 /* Release */ = {
			isa = XCBuildConfiguration;
			buildSettings = {
				ALWAYS_SEARCH_USER_PATHS = NO;
				CLANG_ANALYZER_NONNULL = YES;
				CLANG_ANALYZER_NUMBER_OBJECT_CONVERSION = YES_AGGRESSIVE;
				CLANG_CXX_LANGUAGE_STANDARD = "gnu++14";
				CLANG_CXX_LIBRARY = "libc++";
				CLANG_ENABLE_MODULES = YES;
				CLANG_ENABLE_OBJC_ARC = YES;
				CLANG_ENABLE_OBJC_WEAK = YES;
				CLANG_WARN_BLOCK_CAPTURE_AUTORELEASING = YES;
				CLANG_WARN_BOOL_CONVERSION = YES;
				CLANG_WARN_COMMA = YES;
				CLANG_WARN_CONSTANT_CONVERSION = YES;
				CLANG_WARN_DEPRECATED_OBJC_IMPLEMENTATIONS = YES;
				CLANG_WARN_DIRECT_OBJC_ISA_USAGE = YES_ERROR;
				CLANG_WARN_DOCUMENTATION_COMMENTS = YES;
				CLANG_WARN_EMPTY_BODY = YES;
				CLANG_WARN_ENUM_CONVERSION = YES;
				CLANG_WARN_INFINITE_RECURSION = YES;
				CLANG_WARN_INT_CONVERSION = YES;
				CLANG_WARN_NON_LITERAL_NULL_CONVERSION = YES;
				CLANG_WARN_OBJC_IMPLICIT_RETAIN_SELF = YES;
				CLANG_WARN_OBJC_LITERAL_CONVERSION = YES;
				CLANG_WARN_OBJC_ROOT_CLASS = YES_ERROR;
				CLANG_WARN_RANGE_LOOP_ANALYSIS = YES;
				CLANG_WARN_STRICT_PROTOTYPES = YES;
				CLANG_WARN_SUSPICIOUS_MOVE = YES;
				CLANG_WARN_UNGUARDED_AVAILABILITY = YES_AGGRESSIVE;
				CLANG_WARN_UNREACHABLE_CODE = YES;
				CLANG_WARN__DUPLICATE_METHOD_MATCH = YES;
				CODE_SIGN_IDENTITY = "Mac Developer";
				COPY_PHASE_STRIP = NO;
				DEBUG_INFORMATION_FORMAT = "dwarf-with-dsym";
				ENABLE_NS_ASSERTIONS = NO;
				ENABLE_STRICT_OBJC_MSGSEND = YES;
				GCC_C_LANGUAGE_STANDARD = gnu11;
				GCC_NO_COMMON_BLOCKS = YES;
				GCC_WARN_64_TO_32_BIT_CONVERSION = YES;
				GCC_WARN_ABOUT_RETURN_TYPE = YES_ERROR;
				GCC_WARN_UNDECLARED_SELECTOR = YES;
				GCC_WARN_UNINITIALIZED_AUTOS = YES_AGGRESSIVE;
				GCC_WARN_UNUSED_FUNCTION = YES;
				GCC_WARN_UNUSED_VARIABLE = YES;
				MACOSX_DEPLOYMENT_TARGET = 10.13;
				MTL_ENABLE_DEBUG_INFO = NO;
				SDKROOT = macosx;
				SWIFT_COMPILATION_MODE = wholemodule;
				SWIFT_OPTIMIZATION_LEVEL = "-O";
			};
			name = Release;
		};
		6BD342A421278D5900CB54A4 /* Debug */ = {
			isa = XCBuildConfiguration;
			buildSettings = {
				ASSETCATALOG_COMPILER_APPICON_NAME = AppIcon;
				CODE_SIGN_ENTITLEMENTS = FileTreeExample/FileTreeExample.entitlements;
				CODE_SIGN_IDENTITY = "Mac Developer";
				CODE_SIGN_STYLE = Automatic;
				COMBINE_HIDPI_IMAGES = YES;
				DEVELOPMENT_TEAM = CV2RHZWPY9;
				FRAMEWORK_SEARCH_PATHS = (
					"$(inherited)",
					"$(PROJECT_DIR)/Carthage/Build/Mac",
				);
				INFOPLIST_FILE = FileTreeExample/Info.plist;
				LD_RUNPATH_SEARCH_PATHS = (
					"$(inherited)",
					"@executable_path/../Frameworks",
				);
				PRODUCT_BUNDLE_IDENTIFIER = com.devinabbott.FileTreeExample;
				PRODUCT_NAME = "$(TARGET_NAME)";
				PROVISIONING_PROFILE_SPECIFIER = "";
				SWIFT_VERSION = 5.0;
			};
			name = Debug;
		};
		6BD342A521278D5900CB54A4 /* Release */ = {
			isa = XCBuildConfiguration;
			buildSettings = {
				ASSETCATALOG_COMPILER_APPICON_NAME = AppIcon;
				CODE_SIGN_ENTITLEMENTS = FileTreeExample/FileTreeExample.entitlements;
				CODE_SIGN_IDENTITY = "Mac Developer";
				CODE_SIGN_STYLE = Automatic;
				COMBINE_HIDPI_IMAGES = YES;
				DEVELOPMENT_TEAM = CV2RHZWPY9;
				FRAMEWORK_SEARCH_PATHS = (
					"$(inherited)",
					"$(PROJECT_DIR)/Carthage/Build/Mac",
				);
				INFOPLIST_FILE = FileTreeExample/Info.plist;
				LD_RUNPATH_SEARCH_PATHS = (
					"$(inherited)",
					"@executable_path/../Frameworks",
				);
				PRODUCT_BUNDLE_IDENTIFIER = com.devinabbott.FileTreeExample;
				PRODUCT_NAME = "$(TARGET_NAME)";
				PROVISIONING_PROFILE_SPECIFIER = "";
				SWIFT_VERSION = 5.0;
			};
			name = Release;
		};
/* End XCBuildConfiguration section */

/* Begin XCConfigurationList section */
		6BD3429021278D5800CB54A4 /* Build configuration list for PBXProject "FileTreeExample" */ = {
			isa = XCConfigurationList;
			buildConfigurations = (
				6BD342A121278D5900CB54A4 /* Debug */,
				6BD342A221278D5900CB54A4 /* Release */,
			);
			defaultConfigurationIsVisible = 0;
			defaultConfigurationName = Release;
		};
		6BD342A321278D5900CB54A4 /* Build configuration list for PBXNativeTarget "FileTreeExample" */ = {
			isa = XCConfigurationList;
			buildConfigurations = (
				6BD342A421278D5900CB54A4 /* Debug */,
				6BD342A521278D5900CB54A4 /* Release */,
			);
			defaultConfigurationIsVisible = 0;
			defaultConfigurationName = Release;
		};
/* End XCConfigurationList section */
	};
	rootObject = 6BD3428D21278D5800CB54A4 /* Project object */;
}
